
Microsoft Visual Studio Solution File, Format Version 12.00
# Visual Studio Version 17
VisualStudioVersion = 17.0.31912.275
MinimumVisualStudioVersion = 10.0.40219.1
Project("{9A19103F-16F7-4668-BE54-9A1E7A4F7556}") = "DependencyInjection", "DependencyInjection\DependencyInjection.csproj", "{9130D6FD-9919-4454-A441-360C7215F346}"
EndProject
Project("{9A19103F-16F7-4668-BE54-9A1E7A4F7556}") = "ScopedVSTransientServices", "ScopedVSTransientServices\ScopedVSTransientServices.csproj", "{8D45F95B-1E3F-491A-AD40-DB61695C81D3}"
EndProject
Project("{9A19103F-16F7-4668-BE54-9A1E7A4F7556}") = "PersonalBlog", "PersonalBlog\PersonalBlog.csproj", "{91DFE898-D831-43D0-A62E-F9E438ACACF0}"
EndProject
Project("{FAE04EC0-301F-11D3-BF4B-00C04F79EFBC}") = "ConditionalDependnecyInjection", "ConditionalDependnecyInjection\ConditionalDependnecyInjection.csproj", "{B21B6C28-EAB6-4117-AA35-73B362045B21}"
EndProject
Global
	GlobalSection(SolutionConfigurationPlatforms) = preSolution
		Debug|Any CPU = Debug|Any CPU
		Release|Any CPU = Release|Any CPU
	EndGlobalSection
	GlobalSection(ProjectConfigurationPlatforms) = postSolution
		{9130D6FD-9919-4454-A441-360C7215F346}.Debug|Any CPU.ActiveCfg = Debug|Any CPU
		{9130D6FD-9919-4454-A441-360C7215F346}.Debug|Any CPU.Build.0 = Debug|Any CPU
		{9130D6FD-9919-4454-A441-360C7215F346}.Release|Any CPU.ActiveCfg = Release|Any CPU
		{9130D6FD-9919-4454-A441-360C7215F346}.Release|Any CPU.Build.0 = Release|Any CPU
		{8D45F95B-1E3F-491A-AD40-DB61695C81D3}.Debug|Any CPU.ActiveCfg = Debug|Any CPU
		{8D45F95B-1E3F-491A-AD40-DB61695C81D3}.Debug|Any CPU.Build.0 = Debug|Any CPU
		{8D45F95B-1E3F-491A-AD40-DB61695C81D3}.Release|Any CPU.ActiveCfg = Release|Any CPU
		{8D45F95B-1E3F-491A-AD40-DB61695C81D3}.Release|Any CPU.Build.0 = Release|Any CPU
		{91DFE898-D831-43D0-A62E-F9E438ACACF0}.Debug|Any CPU.ActiveCfg = Debug|Any CPU
		{91DFE898-D831-43D0-A62E-F9E438ACACF0}.Debug|Any CPU.Build.0 = Debug|Any CPU
		{91DFE898-D831-43D0-A62E-F9E438ACACF0}.Release|Any CPU.ActiveCfg = Release|Any CPU
		{91DFE898-D831-43D0-A62E-F9E438ACACF0}.Release|Any CPU.Build.0 = Release|Any CPU
		{B21B6C28-EAB6-4117-AA35-73B362045B21}.Debug|Any CPU.ActiveCfg = Debug|Any CPU
		{B21B6C28-EAB6-4117-AA35-73B362045B21}.Debug|Any CPU.Build.0 = Debug|Any CPU
		{B21B6C28-EAB6-4117-AA35-73B362045B21}.Release|Any CPU.ActiveCfg = Release|Any CPU
		{B21B6C28-EAB6-4117-AA35-73B362045B21}.Release|Any CPU.Build.0 = Release|Any CPU
	EndGlobalSection
	GlobalSection(SolutionProperties) = preSolution
		HideSolutionNode = FALSE
	EndGlobalSection
	GlobalSection(ExtensibilityGlobals) = postSolution
		SolutionGuid = {81AA29CA-D022-44E7-A1E1-6500DE89A9C6}
	EndGlobalSection
EndGlobal
